// !$*UTF8*$!
{
	archiveVersion = 1;
	classes = {
	};
	objectVersion = 56;
	objects = {

/* Begin PBXBuildFile section */
		E26B29DD291459BF00CEE5F0 /* AppDelegate.swift in Sources */ = {isa = PBXBuildFile; fileRef = E26B29DC291459BF00CEE5F0 /* AppDelegate.swift */; };
		E26B29DF291459BF00CEE5F0 /* SceneDelegate.swift in Sources */ = {isa = PBXBuildFile; fileRef = E26B29DE291459BF00CEE5F0 /* SceneDelegate.swift */; };
		E26B29E1291459BF00CEE5F0 /* MainViewController.swift in Sources */ = {isa = PBXBuildFile; fileRef = E26B29E0291459BF00CEE5F0 /* MainViewController.swift */; };
		E26B29E6291459C000CEE5F0 /* Assets.xcassets in Resources */ = {isa = PBXBuildFile; fileRef = E26B29E5291459C000CEE5F0 /* Assets.xcassets */; };
		E26B29E9291459C000CEE5F0 /* LaunchScreen.storyboard in Resources */ = {isa = PBXBuildFile; fileRef = E26B29E7291459C000CEE5F0 /* LaunchScreen.storyboard */; };
		E26B29F2291459D900CEE5F0 /* RxCocoa in Frameworks */ = {isa = PBXBuildFile; productRef = E26B29F1291459D900CEE5F0 /* RxCocoa */; };
		E26B29F4291459D900CEE5F0 /* RxSwift in Frameworks */ = {isa = PBXBuildFile; productRef = E26B29F3291459D900CEE5F0 /* RxSwift */; };
		E26B29F7291459E800CEE5F0 /* SnapKit in Frameworks */ = {isa = PBXBuildFile; productRef = E26B29F6291459E800CEE5F0 /* SnapKit */; };
		E2BEA56929145AAD00556E0E /* MainViewModel.swift in Sources */ = {isa = PBXBuildFile; fileRef = E2BEA56829145AAD00556E0E /* MainViewModel.swift */; };
		E2BEA56C29145D2800556E0E /* TitleTextFieldCell.swift in Sources */ = {isa = PBXBuildFile; fileRef = E2BEA56B29145D2800556E0E /* TitleTextFieldCell.swift */; };
		E2BEA56E29145D3C00556E0E /* TitleTextFieldCellViewModel.swift in Sources */ = {isa = PBXBuildFile; fileRef = E2BEA56D29145D3C00556E0E /* TitleTextFieldCellViewModel.swift */; };
		E2BEA57229145E9400556E0E /* Category.swift in Sources */ = {isa = PBXBuildFile; fileRef = E2BEA57129145E9400556E0E /* Category.swift */; };
		E2BEA57529145ECC00556E0E /* CategoryViewModel.swift in Sources */ = {isa = PBXBuildFile; fileRef = E2BEA57429145ECC00556E0E /* CategoryViewModel.swift */; };
		E2BEA57729145FD000556E0E /* CategoryListViewController.swift in Sources */ = {isa = PBXBuildFile; fileRef = E2BEA57629145FD000556E0E /* CategoryListViewController.swift */; };
		E2BEA57D2914621D00556E0E /* PriceTextFieldCellViewModel.swift in Sources */ = {isa = PBXBuildFile; fileRef = E2BEA57C2914621D00556E0E /* PriceTextFieldCellViewModel.swift */; };
		E2BEA57F291462D200556E0E /* PriceTextFieldCell.swift in Sources */ = {isa = PBXBuildFile; fileRef = E2BEA57E291462D200556E0E /* PriceTextFieldCell.swift */; };
		E2BEA581291467AE00556E0E /* MainModel.swift in Sources */ = {isa = PBXBuildFile; fileRef = E2BEA580291467AE00556E0E /* MainModel.swift */; };
/* End PBXBuildFile section */

/* Begin PBXFileReference section */
		E26B29D9291459BF00CEE5F0 /* UsedGoodsUpload.app */ = {isa = PBXFileReference; explicitFileType = wrapper.application; includeInIndex = 0; path = UsedGoodsUpload.app; sourceTree = BUILT_PRODUCTS_DIR; };
		E26B29DC291459BF00CEE5F0 /* AppDelegate.swift */ = {isa = PBXFileReference; lastKnownFileType = sourcecode.swift; path = AppDelegate.swift; sourceTree = "<group>"; };
		E26B29DE291459BF00CEE5F0 /* SceneDelegate.swift */ = {isa = PBXFileReference; lastKnownFileType = sourcecode.swift; path = SceneDelegate.swift; sourceTree = "<group>"; };
		E26B29E0291459BF00CEE5F0 /* MainViewController.swift */ = {isa = PBXFileReference; lastKnownFileType = sourcecode.swift; path = MainViewController.swift; sourceTree = "<group>"; };
		E26B29E5291459C000CEE5F0 /* Assets.xcassets */ = {isa = PBXFileReference; lastKnownFileType = folder.assetcatalog; path = Assets.xcassets; sourceTree = "<group>"; };
		E26B29E8291459C000CEE5F0 /* Base */ = {isa = PBXFileReference; lastKnownFileType = file.storyboard; name = Base; path = Base.lproj/LaunchScreen.storyboard; sourceTree = "<group>"; };
		E26B29EA291459C000CEE5F0 /* Info.plist */ = {isa = PBXFileReference; lastKnownFileType = text.plist.xml; path = Info.plist; sourceTree = "<group>"; };
		E2BEA56829145AAD00556E0E /* MainViewModel.swift */ = {isa = PBXFileReference; lastKnownFileType = sourcecode.swift; path = MainViewModel.swift; sourceTree = "<group>"; };
		E2BEA56B29145D2800556E0E /* TitleTextFieldCell.swift */ = {isa = PBXFileReference; lastKnownFileType = sourcecode.swift; path = TitleTextFieldCell.swift; sourceTree = "<group>"; };
		E2BEA56D29145D3C00556E0E /* TitleTextFieldCellViewModel.swift */ = {isa = PBXFileReference; lastKnownFileType = sourcecode.swift; path = TitleTextFieldCellViewModel.swift; sourceTree = "<group>"; };
		E2BEA57129145E9400556E0E /* Category.swift */ = {isa = PBXFileReference; lastKnownFileType = sourcecode.swift; path = Category.swift; sourceTree = "<group>"; };
		E2BEA57429145ECC00556E0E /* CategoryViewModel.swift */ = {isa = PBXFileReference; lastKnownFileType = sourcecode.swift; path = CategoryViewModel.swift; sourceTree = "<group>"; };
		E2BEA57629145FD000556E0E /* CategoryListViewController.swift */ = {isa = PBXFileReference; lastKnownFileType = sourcecode.swift; path = CategoryListViewController.swift; sourceTree = "<group>"; };
		E2BEA57C2914621D00556E0E /* PriceTextFieldCellViewModel.swift */ = {isa = PBXFileReference; lastKnownFileType = sourcecode.swift; path = PriceTextFieldCellViewModel.swift; sourceTree = "<group>"; };
		E2BEA57E291462D200556E0E /* PriceTextFieldCell.swift */ = {isa = PBXFileReference; lastKnownFileType = sourcecode.swift; path = PriceTextFieldCell.swift; sourceTree = "<group>"; };
		E2BEA580291467AE00556E0E /* MainModel.swift */ = {isa = PBXFileReference; lastKnownFileType = sourcecode.swift; path = MainModel.swift; sourceTree = "<group>"; };
/* End PBXFileReference section */

/* Begin PBXFrameworksBuildPhase section */
		E26B29D6291459BF00CEE5F0 /* Frameworks */ = {
			isa = PBXFrameworksBuildPhase;
			buildActionMask = 2147483647;
			files = (
				E26B29F7291459E800CEE5F0 /* SnapKit in Frameworks */,
				E26B29F4291459D900CEE5F0 /* RxSwift in Frameworks */,
				E26B29F2291459D900CEE5F0 /* RxCocoa in Frameworks */,
			);
			runOnlyForDeploymentPostprocessing = 0;
		};
/* End PBXFrameworksBuildPhase section */

/* Begin PBXGroup section */
		E26B29D0291459BF00CEE5F0 = {
			isa = PBXGroup;
			children = (
				E26B29DB291459BF00CEE5F0 /* UsedGoodsUpload */,
				E26B29DA291459BF00CEE5F0 /* Products */,
			);
			sourceTree = "<group>";
		};
		E26B29DA291459BF00CEE5F0 /* Products */ = {
			isa = PBXGroup;
			children = (
				E26B29D9291459BF00CEE5F0 /* UsedGoodsUpload.app */,
			);
			name = Products;
			sourceTree = "<group>";
		};
		E26B29DB291459BF00CEE5F0 /* UsedGoodsUpload */ = {
			isa = PBXGroup;
			children = (
				E2BEA57029145E8700556E0E /* Entity */,
				E26B29DC291459BF00CEE5F0 /* AppDelegate.swift */,
				E26B29DE291459BF00CEE5F0 /* SceneDelegate.swift */,
				E2BEA56A29145D0D00556E0E /* MainViewController */,
				E26B29E5291459C000CEE5F0 /* Assets.xcassets */,
				E26B29E7291459C000CEE5F0 /* LaunchScreen.storyboard */,
				E26B29EA291459C000CEE5F0 /* Info.plist */,
			);
			path = UsedGoodsUpload;
			sourceTree = "<group>";
		};
		E2BEA56A29145D0D00556E0E /* MainViewController */ = {
			isa = PBXGroup;
			children = (
				E26B29E0291459BF00CEE5F0 /* MainViewController.swift */,
				E2BEA56829145AAD00556E0E /* MainViewModel.swift */,
				E2BEA580291467AE00556E0E /* MainModel.swift */,
				E2BEA57B291461F200556E0E /* PricaTextFieldViewController */,
				E2BEA57A291460A600556E0E /* CategoryViewController */,
				E2BEA56F29145D4600556E0E /* TitleTextFieldCell */,
			);
			path = MainViewController;
			sourceTree = "<group>";
		};
		E2BEA56F29145D4600556E0E /* TitleTextFieldCell */ = {
			isa = PBXGroup;
			children = (
				E2BEA56B29145D2800556E0E /* TitleTextFieldCell.swift */,
				E2BEA56D29145D3C00556E0E /* TitleTextFieldCellViewModel.swift */,
			);
			name = TitleTextFieldCell;
			sourceTree = "<group>";
		};
		E2BEA57029145E8700556E0E /* Entity */ = {
			isa = PBXGroup;
			children = (
				E2BEA57129145E9400556E0E /* Category.swift */,
			);
			path = Entity;
			sourceTree = "<group>";
		};
		E2BEA57A291460A600556E0E /* CategoryViewController */ = {
			isa = PBXGroup;
			children = (
				E2BEA57429145ECC00556E0E /* CategoryViewModel.swift */,
				E2BEA57629145FD000556E0E /* CategoryListViewController.swift */,
			);
			name = CategoryViewController;
			sourceTree = "<group>";
		};
		E2BEA57B291461F200556E0E /* PricaTextFieldViewController */ = {
			isa = PBXGroup;
			children = (
				E2BEA57C2914621D00556E0E /* PriceTextFieldCellViewModel.swift */,
				E2BEA57E291462D200556E0E /* PriceTextFieldCell.swift */,
			);
			name = PricaTextFieldViewController;
			sourceTree = "<group>";
		};
/* End PBXGroup section */

/* Begin PBXNativeTarget section */
		E26B29D8291459BF00CEE5F0 /* UsedGoodsUpload */ = {
			isa = PBXNativeTarget;
			buildConfigurationList = E26B29ED291459C000CEE5F0 /* Build configuration list for PBXNativeTarget "UsedGoodsUpload" */;
			buildPhases = (
				E26B29D5291459BF00CEE5F0 /* Sources */,
				E26B29D6291459BF00CEE5F0 /* Frameworks */,
				E26B29D7291459BF00CEE5F0 /* Resources */,
			);
			buildRules = (
			);
			dependencies = (
			);
			name = UsedGoodsUpload;
			packageProductDependencies = (
				E26B29F1291459D900CEE5F0 /* RxCocoa */,
				E26B29F3291459D900CEE5F0 /* RxSwift */,
				E26B29F6291459E800CEE5F0 /* SnapKit */,
			);
			productName = UsedGoodsUpload;
			productReference = E26B29D9291459BF00CEE5F0 /* UsedGoodsUpload.app */;
			productType = "com.apple.product-type.application";
		};
/* End PBXNativeTarget section */

/* Begin PBXProject section */
		E26B29D1291459BF00CEE5F0 /* Project object */ = {
			isa = PBXProject;
			attributes = {
				BuildIndependentTargetsInParallel = 1;
				LastSwiftUpdateCheck = 1410;
				LastUpgradeCheck = 1410;
				TargetAttributes = {
					E26B29D8291459BF00CEE5F0 = {
						CreatedOnToolsVersion = 14.1;
					};
				};
			};
			buildConfigurationList = E26B29D4291459BF00CEE5F0 /* Build configuration list for PBXProject "UsedGoodsUpload" */;
			compatibilityVersion = "Xcode 14.0";
			developmentRegion = en;
			hasScannedForEncodings = 0;
			knownRegions = (
				en,
				Base,
			);
			mainGroup = E26B29D0291459BF00CEE5F0;
			packageReferences = (
				E26B29F0291459D900CEE5F0 /* XCRemoteSwiftPackageReference "RxSwift" */,
				E26B29F5291459E800CEE5F0 /* XCRemoteSwiftPackageReference "SnapKit" */,
			);
			productRefGroup = E26B29DA291459BF00CEE5F0 /* Products */;
			projectDirPath = "";
			projectRoot = "";
			targets = (
				E26B29D8291459BF00CEE5F0 /* UsedGoodsUpload */,
			);
		};
/* End PBXProject section */

/* Begin PBXResourcesBuildPhase section */
		E26B29D7291459BF00CEE5F0 /* Resources */ = {
			isa = PBXResourcesBuildPhase;
			buildActionMask = 2147483647;
			files = (
				E26B29E9291459C000CEE5F0 /* LaunchScreen.storyboard in Resources */,
				E26B29E6291459C000CEE5F0 /* Assets.xcassets in Resources */,
			);
			runOnlyForDeploymentPostprocessing = 0;
		};
/* End PBXResourcesBuildPhase section */

/* Begin PBXSourcesBuildPhase section */
		E26B29D5291459BF00CEE5F0 /* Sources */ = {
			isa = PBXSourcesBuildPhase;
			buildActionMask = 2147483647;
			files = (
				E26B29E1291459BF00CEE5F0 /* MainViewController.swift in Sources */,
				E2BEA581291467AE00556E0E /* MainModel.swift in Sources */,
				E2BEA56E29145D3C00556E0E /* TitleTextFieldCellViewModel.swift in Sources */,
				E2BEA57729145FD000556E0E /* CategoryListViewController.swift in Sources */,
				E26B29DD291459BF00CEE5F0 /* AppDelegate.swift in Sources */,
				E26B29DF291459BF00CEE5F0 /* SceneDelegate.swift in Sources */,
				E2BEA57529145ECC00556E0E /* CategoryViewModel.swift in Sources */,
				E2BEA56C29145D2800556E0E /* TitleTextFieldCell.swift in Sources */,
				E2BEA56929145AAD00556E0E /* MainViewModel.swift in Sources */,
				E2BEA57D2914621D00556E0E /* PriceTextFieldCellViewModel.swift in Sources */,
				E2BEA57229145E9400556E0E /* Category.swift in Sources */,
				E2BEA57F291462D200556E0E /* PriceTextFieldCell.swift in Sources */,
			);
			runOnlyForDeploymentPostprocessing = 0;
		};
/* End PBXSourcesBuildPhase section */

/* Begin PBXVariantGroup section */
		E26B29E7291459C000CEE5F0 /* LaunchScreen.storyboard */ = {
			isa = PBXVariantGroup;
			children = (
				E26B29E8291459C000CEE5F0 /* Base */,
			);
			name = LaunchScreen.storyboard;
			sourceTree = "<group>";
		};
/* End PBXVariantGroup section */

/* Begin XCBuildConfiguration section */
		E26B29EB291459C000CEE5F0 /* Debug */ = {
			isa = XCBuildConfiguration;
			buildSettings = {
				ALWAYS_SEARCH_USER_PATHS = NO;
				CLANG_ANALYZER_NONNULL = YES;
				CLANG_ANALYZER_NUMBER_OBJECT_CONVERSION = YES_AGGRESSIVE;
				CLANG_CXX_LANGUAGE_STANDARD = "gnu++20";
				CLANG_ENABLE_MODULES = YES;
				CLANG_ENABLE_OBJC_ARC = YES;
				CLANG_ENABLE_OBJC_WEAK = YES;
				CLANG_WARN_BLOCK_CAPTURE_AUTORELEASING = YES;
				CLANG_WARN_BOOL_CONVERSION = YES;
				CLANG_WARN_COMMA = YES;
				CLANG_WARN_CONSTANT_CONVERSION = YES;
				CLANG_WARN_DEPRECATED_OBJC_IMPLEMENTATIONS = YES;
				CLANG_WARN_DIRECT_OBJC_ISA_USAGE = YES_ERROR;
				CLANG_WARN_DOCUMENTATION_COMMENTS = YES;
				CLANG_WARN_EMPTY_BODY = YES;
				CLANG_WARN_ENUM_CONVERSION = YES;
				CLANG_WARN_INFINITE_RECURSION = YES;
				CLANG_WARN_INT_CONVERSION = YES;
				CLANG_WARN_NON_LITERAL_NULL_CONVERSION = YES;
				CLANG_WARN_OBJC_IMPLICIT_RETAIN_SELF = YES;
				CLANG_WARN_OBJC_LITERAL_CONVERSION = YES;
				CLANG_WARN_OBJC_ROOT_CLASS = YES_ERROR;
				CLANG_WARN_QUOTED_INCLUDE_IN_FRAMEWORK_HEADER = YES;
				CLANG_WARN_RANGE_LOOP_ANALYSIS = YES;
				CLANG_WARN_STRICT_PROTOTYPES = YES;
				CLANG_WARN_SUSPICIOUS_MOVE = YES;
				CLANG_WARN_UNGUARDED_AVAILABILITY = YES_AGGRESSIVE;
				CLANG_WARN_UNREACHABLE_CODE = YES;
				CLANG_WARN__DUPLICATE_METHOD_MATCH = YES;
				COPY_PHASE_STRIP = NO;
				DEBUG_INFORMATION_FORMAT = dwarf;
				ENABLE_STRICT_OBJC_MSGSEND = YES;
				ENABLE_TESTABILITY = YES;
				GCC_C_LANGUAGE_STANDARD = gnu11;
				GCC_DYNAMIC_NO_PIC = NO;
				GCC_NO_COMMON_BLOCKS = YES;
				GCC_OPTIMIZATION_LEVEL = 0;
				GCC_PREPROCESSOR_DEFINITIONS = (
					"DEBUG=1",
					"$(inherited)",
				);
				GCC_WARN_64_TO_32_BIT_CONVERSION = YES;
				GCC_WARN_ABOUT_RETURN_TYPE = YES_ERROR;
				GCC_WARN_UNDECLARED_SELECTOR = YES;
				GCC_WARN_UNINITIALIZED_AUTOS = YES_AGGRESSIVE;
				GCC_WARN_UNUSED_FUNCTION = YES;
				GCC_WARN_UNUSED_VARIABLE = YES;
				IPHONEOS_DEPLOYMENT_TARGET = 16.1;
				MTL_ENABLE_DEBUG_INFO = INCLUDE_SOURCE;
				MTL_FAST_MATH = YES;
				ONLY_ACTIVE_ARCH = YES;
				SDKROOT = iphoneos;
				SWIFT_ACTIVE_COMPILATION_CONDITIONS = DEBUG;
				SWIFT_OPTIMIZATION_LEVEL = "-Onone";
			};
			name = Debug;
		};
		E26B29EC291459C000CEE5F0 /* Release */ = {
			isa = XCBuildConfiguration;
			buildSettings = {
				ALWAYS_SEARCH_USER_PATHS = NO;
				CLANG_ANALYZER_NONNULL = YES;
				CLANG_ANALYZER_NUMBER_OBJECT_CONVERSION = YES_AGGRESSIVE;
				CLANG_CXX_LANGUAGE_STANDARD = "gnu++20";
				CLANG_ENABLE_MODULES = YES;
				CLANG_ENABLE_OBJC_ARC = YES;
				CLANG_ENABLE_OBJC_WEAK = YES;
				CLANG_WARN_BLOCK_CAPTURE_AUTORELEASING = YES;
				CLANG_WARN_BOOL_CONVERSION = YES;
				CLANG_WARN_COMMA = YES;
				CLANG_WARN_CONSTANT_CONVERSION = YES;
				CLANG_WARN_DEPRECATED_OBJC_IMPLEMENTATIONS = YES;
				CLANG_WARN_DIRECT_OBJC_ISA_USAGE = YES_ERROR;
				CLANG_WARN_DOCUMENTATION_COMMENTS = YES;
				CLANG_WARN_EMPTY_BODY = YES;
				CLANG_WARN_ENUM_CONVERSION = YES;
				CLANG_WARN_INFINITE_RECURSION = YES;
				CLANG_WARN_INT_CONVERSION = YES;
				CLANG_WARN_NON_LITERAL_NULL_CONVERSION = YES;
				CLANG_WARN_OBJC_IMPLICIT_RETAIN_SELF = YES;
				CLANG_WARN_OBJC_LITERAL_CONVERSION = YES;
				CLANG_WARN_OBJC_ROOT_CLASS = YES_ERROR;
				CLANG_WARN_QUOTED_INCLUDE_IN_FRAMEWORK_HEADER = YES;
				CLANG_WARN_RANGE_LOOP_ANALYSIS = YES;
				CLANG_WARN_STRICT_PROTOTYPES = YES;
				CLANG_WARN_SUSPICIOUS_MOVE = YES;
				CLANG_WARN_UNGUARDED_AVAILABILITY = YES_AGGRESSIVE;
				CLANG_WARN_UNREACHABLE_CODE = YES;
				CLANG_WARN__DUPLICATE_METHOD_MATCH = YES;
				COPY_PHASE_STRIP = NO;
				DEBUG_INFORMATION_FORMAT = "dwarf-with-dsym";
				ENABLE_NS_ASSERTIONS = NO;
				ENABLE_STRICT_OBJC_MSGSEND = YES;
				GCC_C_LANGUAGE_STANDARD = gnu11;
				GCC_NO_COMMON_BLOCKS = YES;
				GCC_WARN_64_TO_32_BIT_CONVERSION = YES;
				GCC_WARN_ABOUT_RETURN_TYPE = YES_ERROR;
				GCC_WARN_UNDECLARED_SELECTOR = YES;
				GCC_WARN_UNINITIALIZED_AUTOS = YES_AGGRESSIVE;
				GCC_WARN_UNUSED_FUNCTION = YES;
				GCC_WARN_UNUSED_VARIABLE = YES;
				IPHONEOS_DEPLOYMENT_TARGET = 16.1;
				MTL_ENABLE_DEBUG_INFO = NO;
				MTL_FAST_MATH = YES;
				SDKROOT = iphoneos;
				SWIFT_COMPILATION_MODE = wholemodule;
				SWIFT_OPTIMIZATION_LEVEL = "-O";
				VALIDATE_PRODUCT = YES;
			};
			name = Release;
		};
		E26B29EE291459C000CEE5F0 /* Debug */ = {
			isa = XCBuildConfiguration;
			buildSettings = {
				ASSETCATALOG_COMPILER_APPICON_NAME = AppIcon;
				ASSETCATALOG_COMPILER_GLOBAL_ACCENT_COLOR_NAME = AccentColor;
				CODE_SIGN_STYLE = Automatic;
				CURRENT_PROJECT_VERSION = 1;
				DEVELOPMENT_TEAM = SXSNK823Y9;
				GENERATE_INFOPLIST_FILE = YES;
				INFOPLIST_FILE = UsedGoodsUpload/Info.plist;
				INFOPLIST_KEY_UIApplicationSupportsIndirectInputEvents = YES;
				INFOPLIST_KEY_UILaunchStoryboardName = LaunchScreen;
				INFOPLIST_KEY_UISupportedInterfaceOrientations_iPad = "UIInterfaceOrientationPortrait UIInterfaceOrientationPortraitUpsideDown UIInterfaceOrientationLandscapeLeft UIInterfaceOrientationLandscapeRight";
				INFOPLIST_KEY_UISupportedInterfaceOrientations_iPhone = "UIInterfaceOrientationPortrait UIInterfaceOrientationLandscapeLeft UIInterfaceOrientationLandscapeRight";
				LD_RUNPATH_SEARCH_PATHS = (
					"$(inherited)",
					"@executable_path/Frameworks",
				);
				MARKETING_VERSION = 1.0;
				PRODUCT_BUNDLE_IDENTIFIER = com.woo0.Hatchling.UsedGoodsUpload;
				PRODUCT_NAME = "$(TARGET_NAME)";
				SWIFT_EMIT_LOC_STRINGS = YES;
				SWIFT_VERSION = 5.0;
				TARGETED_DEVICE_FAMILY = "1,2";
			};
			name = Debug;
		};
		E26B29EF291459C000CEE5F0 /* Release */ = {
			isa = XCBuildConfiguration;
			buildSettings = {
				ASSETCATALOG_COMPILER_APPICON_NAME = AppIcon;
				ASSETCATALOG_COMPILER_GLOBAL_ACCENT_COLOR_NAME = AccentColor;
				CODE_SIGN_STYLE = Automatic;
				CURRENT_PROJECT_VERSION = 1;
				DEVELOPMENT_TEAM = SXSNK823Y9;
				GENERATE_INFOPLIST_FILE = YES;
				INFOPLIST_FILE = UsedGoodsUpload/Info.plist;
				INFOPLIST_KEY_UIApplicationSupportsIndirectInputEvents = YES;
				INFOPLIST_KEY_UILaunchStoryboardName = LaunchScreen;
				INFOPLIST_KEY_UISupportedInterfaceOrientations_iPad = "UIInterfaceOrientationPortrait UIInterfaceOrientationPortraitUpsideDown UIInterfaceOrientationLandscapeLeft UIInterfaceOrientationLandscapeRight";
				INFOPLIST_KEY_UISupportedInterfaceOrientations_iPhone = "UIInterfaceOrientationPortrait UIInterfaceOrientationLandscapeLeft UIInterfaceOrientationLandscapeRight";
				LD_RUNPATH_SEARCH_PATHS = (
					"$(inherited)",
					"@executable_path/Frameworks",
				);
				MARKETING_VERSION = 1.0;
				PRODUCT_BUNDLE_IDENTIFIER = com.woo0.Hatchling.UsedGoodsUpload;
				PRODUCT_NAME = "$(TARGET_NAME)";
				SWIFT_EMIT_LOC_STRINGS = YES;
				SWIFT_VERSION = 5.0;
				TARGETED_DEVICE_FAMILY = "1,2";
			};
			name = Release;
		};
/* End XCBuildConfiguration section */

/* Begin XCConfigurationList section */
		E26B29D4291459BF00CEE5F0 /* Build configuration list for PBXProject "UsedGoodsUpload" */ = {
			isa = XCConfigurationList;
			buildConfigurations = (
				E26B29EB291459C000CEE5F0 /* Debug */,
				E26B29EC291459C000CEE5F0 /* Release */,
			);
			defaultConfigurationIsVisible = 0;
			defaultConfigurationName = Release;
		};
		E26B29ED291459C000CEE5F0 /* Build configuration list for PBXNativeTarget "UsedGoodsUpload" */ = {
			isa = XCConfigurationList;
			buildConfigurations = (
				E26B29EE291459C000CEE5F0 /* Debug */,
				E26B29EF291459C000CEE5F0 /* Release */,
			);
			defaultConfigurationIsVisible = 0;
			defaultConfigurationName = Release;
		};
/* End XCConfigurationList section */

/* Begin XCRemoteSwiftPackageReference section */
		E26B29F0291459D900CEE5F0 /* XCRemoteSwiftPackageReference "RxSwift" */ = {
			isa = XCRemoteSwiftPackageReference;
			repositoryURL = "https://github.com/ReactiveX/RxSwift";
			requirement = {
				kind = upToNextMajorVersion;
				minimumVersion = 6.0.0;
			};
		};
		E26B29F5291459E800CEE5F0 /* XCRemoteSwiftPackageReference "SnapKit" */ = {
			isa = XCRemoteSwiftPackageReference;
			repositoryURL = "https://github.com/SnapKit/SnapKit";
			requirement = {
				kind = upToNextMajorVersion;
				minimumVersion = 5.0.0;
			};
		};
/* End XCRemoteSwiftPackageReference section */

/* Begin XCSwiftPackageProductDependency section */
		E26B29F1291459D900CEE5F0 /* RxCocoa */ = {
			isa = XCSwiftPackageProductDependency;
			package = E26B29F0291459D900CEE5F0 /* XCRemoteSwiftPackageReference "RxSwift" */;
			productName = RxCocoa;
		};
		E26B29F3291459D900CEE5F0 /* RxSwift */ = {
			isa = XCSwiftPackageProductDependency;
			package = E26B29F0291459D900CEE5F0 /* XCRemoteSwiftPackageReference "RxSwift" */;
			productName = RxSwift;
		};
		E26B29F6291459E800CEE5F0 /* SnapKit */ = {
			isa = XCSwiftPackageProductDependency;
			package = E26B29F5291459E800CEE5F0 /* XCRemoteSwiftPackageReference "SnapKit" */;
			productName = SnapKit;
		};
/* End XCSwiftPackageProductDependency section */
	};
	rootObject = E26B29D1291459BF00CEE5F0 /* Project object */;
}
