// !$*UTF8*$!
{
	archiveVersion = 1;
	classes = {
	};
	objectVersion = 55;
	objects = {

/* Begin PBXBuildFile section */
		E262BE7A2871C75300F437C8 /* money.json in Resources */ = {isa = PBXBuildFile; fileRef = E262BE792871C75300F437C8 /* money.json */; };
		E262BE7F2871CCFA00F437C8 /* FirebaseDatabase in Frameworks */ = {isa = PBXBuildFile; productRef = E262BE7E2871CCFA00F437C8 /* FirebaseDatabase */; };
		E262BE812871CCFA00F437C8 /* FirebaseDatabaseSwift in Frameworks */ = {isa = PBXBuildFile; productRef = E262BE802871CCFA00F437C8 /* FirebaseDatabaseSwift */; };
		E262BE832871D1C200F437C8 /* GoogleService-Info.plist in Resources */ = {isa = PBXBuildFile; fileRef = E262BE822871D1C200F437C8 /* GoogleService-Info.plist */; };
		E262BE862871D97800F437C8 /* FirebaseDatabase in Frameworks */ = {isa = PBXBuildFile; productRef = E262BE852871D97800F437C8 /* FirebaseDatabase */; };
		E262BE882871D97800F437C8 /* FirebaseDatabaseSwift in Frameworks */ = {isa = PBXBuildFile; productRef = E262BE872871D97800F437C8 /* FirebaseDatabaseSwift */; };
		E262BE8A2871D97800F437C8 /* FirebaseFirestore in Frameworks */ = {isa = PBXBuildFile; productRef = E262BE892871D97800F437C8 /* FirebaseFirestore */; };
		E262BE8C2871D97800F437C8 /* FirebaseFirestoreCombine-Community in Frameworks */ = {isa = PBXBuildFile; productRef = E262BE8B2871D97800F437C8 /* FirebaseFirestoreCombine-Community */; };
		E262BE8E2871D97800F437C8 /* FirebaseFirestoreSwift in Frameworks */ = {isa = PBXBuildFile; productRef = E262BE8D2871D97800F437C8 /* FirebaseFirestoreSwift */; };
		E262BE902871DAB000F437C8 /* CreditCardDummy.swift in Sources */ = {isa = PBXBuildFile; fileRef = E262BE8F2871DAB000F437C8 /* CreditCardDummy.swift */; };
		E27022242871B9C800CA42D1 /* AppDelegate.swift in Sources */ = {isa = PBXBuildFile; fileRef = E27022232871B9C800CA42D1 /* AppDelegate.swift */; };
		E27022262871B9C800CA42D1 /* SceneDelegate.swift in Sources */ = {isa = PBXBuildFile; fileRef = E27022252871B9C800CA42D1 /* SceneDelegate.swift */; };
		E270222B2871B9C800CA42D1 /* Main.storyboard in Resources */ = {isa = PBXBuildFile; fileRef = E27022292871B9C800CA42D1 /* Main.storyboard */; };
		E270222D2871B9C900CA42D1 /* Assets.xcassets in Resources */ = {isa = PBXBuildFile; fileRef = E270222C2871B9C900CA42D1 /* Assets.xcassets */; };
		E27022302871B9C900CA42D1 /* LaunchScreen.storyboard in Resources */ = {isa = PBXBuildFile; fileRef = E270222E2871B9C900CA42D1 /* LaunchScreen.storyboard */; };
		E27022382871B9E700CA42D1 /* CardListViewController.swift in Sources */ = {isa = PBXBuildFile; fileRef = E27022372871B9E700CA42D1 /* CardListViewController.swift */; };
		E270223C2871BAEB00CA42D1 /* CreditCard.swift in Sources */ = {isa = PBXBuildFile; fileRef = E270223B2871BAEB00CA42D1 /* CreditCard.swift */; };
		E270223F2871BC3E00CA42D1 /* CardListCell.swift in Sources */ = {isa = PBXBuildFile; fileRef = E270223D2871BC3E00CA42D1 /* CardListCell.swift */; };
		E27022402871BC3E00CA42D1 /* CardListCell.xib in Resources */ = {isa = PBXBuildFile; fileRef = E270223E2871BC3E00CA42D1 /* CardListCell.xib */; };
		E27022432871C1B400CA42D1 /* Kingfisher in Frameworks */ = {isa = PBXBuildFile; productRef = E27022422871C1B400CA42D1 /* Kingfisher */; };
		E27022452871C2CD00CA42D1 /* CardDetailViewController.swift in Sources */ = {isa = PBXBuildFile; fileRef = E27022442871C2CD00CA42D1 /* CardDetailViewController.swift */; };
		E27022482871C55D00CA42D1 /* Lottie in Frameworks */ = {isa = PBXBuildFile; productRef = E27022472871C55D00CA42D1 /* Lottie */; };
/* End PBXBuildFile section */

/* Begin PBXFileReference section */
		E262BE792871C75300F437C8 /* money.json */ = {isa = PBXFileReference; fileEncoding = 4; lastKnownFileType = text.json; path = money.json; sourceTree = "<group>"; };
		E262BE822871D1C200F437C8 /* GoogleService-Info.plist */ = {isa = PBXFileReference; fileEncoding = 4; lastKnownFileType = text.plist.xml; path = "GoogleService-Info.plist"; sourceTree = "<group>"; };
		E262BE8F2871DAB000F437C8 /* CreditCardDummy.swift */ = {isa = PBXFileReference; fileEncoding = 4; lastKnownFileType = sourcecode.swift; path = CreditCardDummy.swift; sourceTree = "<group>"; };
		E27022202871B9C800CA42D1 /* CreditCardList.app */ = {isa = PBXFileReference; explicitFileType = wrapper.application; includeInIndex = 0; path = CreditCardList.app; sourceTree = BUILT_PRODUCTS_DIR; };
		E27022232871B9C800CA42D1 /* AppDelegate.swift */ = {isa = PBXFileReference; lastKnownFileType = sourcecode.swift; path = AppDelegate.swift; sourceTree = "<group>"; };
		E27022252871B9C800CA42D1 /* SceneDelegate.swift */ = {isa = PBXFileReference; lastKnownFileType = sourcecode.swift; path = SceneDelegate.swift; sourceTree = "<group>"; };
		E270222A2871B9C800CA42D1 /* Base */ = {isa = PBXFileReference; lastKnownFileType = file.storyboard; name = Base; path = Base.lproj/Main.storyboard; sourceTree = "<group>"; };
		E270222C2871B9C900CA42D1 /* Assets.xcassets */ = {isa = PBXFileReference; lastKnownFileType = folder.assetcatalog; path = Assets.xcassets; sourceTree = "<group>"; };
		E270222F2871B9C900CA42D1 /* Base */ = {isa = PBXFileReference; lastKnownFileType = file.storyboard; name = Base; path = Base.lproj/LaunchScreen.storyboard; sourceTree = "<group>"; };
		E27022312871B9C900CA42D1 /* Info.plist */ = {isa = PBXFileReference; lastKnownFileType = text.plist.xml; path = Info.plist; sourceTree = "<group>"; };
		E27022372871B9E700CA42D1 /* CardListViewController.swift */ = {isa = PBXFileReference; lastKnownFileType = sourcecode.swift; path = CardListViewController.swift; sourceTree = "<group>"; };
		E270223B2871BAEB00CA42D1 /* CreditCard.swift */ = {isa = PBXFileReference; lastKnownFileType = sourcecode.swift; path = CreditCard.swift; sourceTree = "<group>"; };
		E270223D2871BC3E00CA42D1 /* CardListCell.swift */ = {isa = PBXFileReference; lastKnownFileType = sourcecode.swift; path = CardListCell.swift; sourceTree = "<group>"; };
		E270223E2871BC3E00CA42D1 /* CardListCell.xib */ = {isa = PBXFileReference; lastKnownFileType = file.xib; path = CardListCell.xib; sourceTree = "<group>"; };
		E27022442871C2CD00CA42D1 /* CardDetailViewController.swift */ = {isa = PBXFileReference; lastKnownFileType = sourcecode.swift; path = CardDetailViewController.swift; sourceTree = "<group>"; };
/* End PBXFileReference section */

/* Begin PBXFrameworksBuildPhase section */
		E270221D2871B9C800CA42D1 /* Frameworks */ = {
			isa = PBXFrameworksBuildPhase;
			buildActionMask = 2147483647;
			files = (
				E262BE882871D97800F437C8 /* FirebaseDatabaseSwift in Frameworks */,
				E262BE8C2871D97800F437C8 /* FirebaseFirestoreCombine-Community in Frameworks */,
				E262BE862871D97800F437C8 /* FirebaseDatabase in Frameworks */,
				E262BE812871CCFA00F437C8 /* FirebaseDatabaseSwift in Frameworks */,
				E262BE7F2871CCFA00F437C8 /* FirebaseDatabase in Frameworks */,
				E27022432871C1B400CA42D1 /* Kingfisher in Frameworks */,
				E27022482871C55D00CA42D1 /* Lottie in Frameworks */,
				E262BE8A2871D97800F437C8 /* FirebaseFirestore in Frameworks */,
				E262BE8E2871D97800F437C8 /* FirebaseFirestoreSwift in Frameworks */,
			);
			runOnlyForDeploymentPostprocessing = 0;
		};
/* End PBXFrameworksBuildPhase section */

/* Begin PBXGroup section */
		E27022172871B9C700CA42D1 = {
			isa = PBXGroup;
			children = (
				E27022222871B9C800CA42D1 /* CreditCardList */,
				E27022212871B9C800CA42D1 /* Products */,
			);
			sourceTree = "<group>";
		};
		E27022212871B9C800CA42D1 /* Products */ = {
			isa = PBXGroup;
			children = (
				E27022202871B9C800CA42D1 /* CreditCardList.app */,
			);
			name = Products;
			sourceTree = "<group>";
		};
		E27022222871B9C800CA42D1 /* CreditCardList */ = {
			isa = PBXGroup;
			children = (
				E27022232871B9C800CA42D1 /* AppDelegate.swift */,
				E27022252871B9C800CA42D1 /* SceneDelegate.swift */,
				E27022292871B9C800CA42D1 /* Main.storyboard */,
				E270222C2871B9C900CA42D1 /* Assets.xcassets */,
				E262BE792871C75300F437C8 /* money.json */,
				E262BE8F2871DAB000F437C8 /* CreditCardDummy.swift */,
				E270222E2871B9C900CA42D1 /* LaunchScreen.storyboard */,
				E27022312871B9C900CA42D1 /* Info.plist */,
				E27022372871B9E700CA42D1 /* CardListViewController.swift */,
				E270223B2871BAEB00CA42D1 /* CreditCard.swift */,
				E270223D2871BC3E00CA42D1 /* CardListCell.swift */,
				E270223E2871BC3E00CA42D1 /* CardListCell.xib */,
				E27022442871C2CD00CA42D1 /* CardDetailViewController.swift */,
				E262BE822871D1C200F437C8 /* GoogleService-Info.plist */,
			);
			path = CreditCardList;
			sourceTree = "<group>";
		};
/* End PBXGroup section */

/* Begin PBXNativeTarget section */
		E270221F2871B9C800CA42D1 /* CreditCardList */ = {
			isa = PBXNativeTarget;
			buildConfigurationList = E27022342871B9C900CA42D1 /* Build configuration list for PBXNativeTarget "CreditCardList" */;
			buildPhases = (
				E270221C2871B9C800CA42D1 /* Sources */,
				E270221D2871B9C800CA42D1 /* Frameworks */,
				E270221E2871B9C800CA42D1 /* Resources */,
			);
			buildRules = (
			);
			dependencies = (
			);
			name = CreditCardList;
			packageProductDependencies = (
				E27022422871C1B400CA42D1 /* Kingfisher */,
				E27022472871C55D00CA42D1 /* Lottie */,
				E262BE7E2871CCFA00F437C8 /* FirebaseDatabase */,
				E262BE802871CCFA00F437C8 /* FirebaseDatabaseSwift */,
				E262BE852871D97800F437C8 /* FirebaseDatabase */,
				E262BE872871D97800F437C8 /* FirebaseDatabaseSwift */,
				E262BE892871D97800F437C8 /* FirebaseFirestore */,
				E262BE8B2871D97800F437C8 /* FirebaseFirestoreCombine-Community */,
				E262BE8D2871D97800F437C8 /* FirebaseFirestoreSwift */,
			);
			productName = CreditCardList;
			productReference = E27022202871B9C800CA42D1 /* CreditCardList.app */;
			productType = "com.apple.product-type.application";
		};
/* End PBXNativeTarget section */

/* Begin PBXProject section */
		E27022182871B9C800CA42D1 /* Project object */ = {
			isa = PBXProject;
			attributes = {
				BuildIndependentTargetsInParallel = 1;
				LastSwiftUpdateCheck = 1340;
				LastUpgradeCheck = 1340;
				TargetAttributes = {
					E270221F2871B9C800CA42D1 = {
						CreatedOnToolsVersion = 13.4.1;
					};
				};
			};
			buildConfigurationList = E270221B2871B9C800CA42D1 /* Build configuration list for PBXProject "CreditCardList" */;
			compatibilityVersion = "Xcode 13.0";
			developmentRegion = en;
			hasScannedForEncodings = 0;
			knownRegions = (
				en,
				Base,
			);
			mainGroup = E27022172871B9C700CA42D1;
			packageReferences = (
				E27022412871C1B400CA42D1 /* XCRemoteSwiftPackageReference "Kingfisher" */,
				E27022462871C55D00CA42D1 /* XCRemoteSwiftPackageReference "lottie-ios" */,
				E262BE7D2871CCFA00F437C8 /* XCRemoteSwiftPackageReference "firebase-ios-sdk" */,
				E262BE842871D97800F437C8 /* XCRemoteSwiftPackageReference "firebase-ios-sdk" */,
			);
			productRefGroup = E27022212871B9C800CA42D1 /* Products */;
			projectDirPath = "";
			projectRoot = "";
			targets = (
				E270221F2871B9C800CA42D1 /* CreditCardList */,
			);
		};
/* End PBXProject section */

/* Begin PBXResourcesBuildPhase section */
		E270221E2871B9C800CA42D1 /* Resources */ = {
			isa = PBXResourcesBuildPhase;
			buildActionMask = 2147483647;
			files = (
				E27022302871B9C900CA42D1 /* LaunchScreen.storyboard in Resources */,
				E262BE7A2871C75300F437C8 /* money.json in Resources */,
				E270222D2871B9C900CA42D1 /* Assets.xcassets in Resources */,
				E27022402871BC3E00CA42D1 /* CardListCell.xib in Resources */,
				E270222B2871B9C800CA42D1 /* Main.storyboard in Resources */,
				E262BE832871D1C200F437C8 /* GoogleService-Info.plist in Resources */,
			);
			runOnlyForDeploymentPostprocessing = 0;
		};
/* End PBXResourcesBuildPhase section */

/* Begin PBXSourcesBuildPhase section */
		E270221C2871B9C800CA42D1 /* Sources */ = {
			isa = PBXSourcesBuildPhase;
			buildActionMask = 2147483647;
			files = (
				E270223C2871BAEB00CA42D1 /* CreditCard.swift in Sources */,
				E27022452871C2CD00CA42D1 /* CardDetailViewController.swift in Sources */,
				E270223F2871BC3E00CA42D1 /* CardListCell.swift in Sources */,
				E27022382871B9E700CA42D1 /* CardListViewController.swift in Sources */,
				E262BE902871DAB000F437C8 /* CreditCardDummy.swift in Sources */,
				E27022242871B9C800CA42D1 /* AppDelegate.swift in Sources */,
				E27022262871B9C800CA42D1 /* SceneDelegate.swift in Sources */,
			);
			runOnlyForDeploymentPostprocessing = 0;
		};
/* End PBXSourcesBuildPhase section */

/* Begin PBXVariantGroup section */
		E27022292871B9C800CA42D1 /* Main.storyboard */ = {
			isa = PBXVariantGroup;
			children = (
				E270222A2871B9C800CA42D1 /* Base */,
			);
			name = Main.storyboard;
			sourceTree = "<group>";
		};
		E270222E2871B9C900CA42D1 /* LaunchScreen.storyboard */ = {
			isa = PBXVariantGroup;
			children = (
				E270222F2871B9C900CA42D1 /* Base */,
			);
			name = LaunchScreen.storyboard;
			sourceTree = "<group>";
		};
/* End PBXVariantGroup section */

/* Begin XCBuildConfiguration section */
		E27022322871B9C900CA42D1 /* Debug */ = {
			isa = XCBuildConfiguration;
			buildSettings = {
				ALWAYS_SEARCH_USER_PATHS = NO;
				CLANG_ANALYZER_NONNULL = YES;
				CLANG_ANALYZER_NUMBER_OBJECT_CONVERSION = YES_AGGRESSIVE;
				CLANG_CXX_LANGUAGE_STANDARD = "gnu++17";
				CLANG_ENABLE_MODULES = YES;
				CLANG_ENABLE_OBJC_ARC = YES;
				CLANG_ENABLE_OBJC_WEAK = YES;
				CLANG_WARN_BLOCK_CAPTURE_AUTORELEASING = YES;
				CLANG_WARN_BOOL_CONVERSION = YES;
				CLANG_WARN_COMMA = YES;
				CLANG_WARN_CONSTANT_CONVERSION = YES;
				CLANG_WARN_DEPRECATED_OBJC_IMPLEMENTATIONS = YES;
				CLANG_WARN_DIRECT_OBJC_ISA_USAGE = YES_ERROR;
				CLANG_WARN_DOCUMENTATION_COMMENTS = YES;
				CLANG_WARN_EMPTY_BODY = YES;
				CLANG_WARN_ENUM_CONVERSION = YES;
				CLANG_WARN_INFINITE_RECURSION = YES;
				CLANG_WARN_INT_CONVERSION = YES;
				CLANG_WARN_NON_LITERAL_NULL_CONVERSION = YES;
				CLANG_WARN_OBJC_IMPLICIT_RETAIN_SELF = YES;
				CLANG_WARN_OBJC_LITERAL_CONVERSION = YES;
				CLANG_WARN_OBJC_ROOT_CLASS = YES_ERROR;
				CLANG_WARN_QUOTED_INCLUDE_IN_FRAMEWORK_HEADER = YES;
				CLANG_WARN_RANGE_LOOP_ANALYSIS = YES;
				CLANG_WARN_STRICT_PROTOTYPES = YES;
				CLANG_WARN_SUSPICIOUS_MOVE = YES;
				CLANG_WARN_UNGUARDED_AVAILABILITY = YES_AGGRESSIVE;
				CLANG_WARN_UNREACHABLE_CODE = YES;
				CLANG_WARN__DUPLICATE_METHOD_MATCH = YES;
				COPY_PHASE_STRIP = NO;
				DEBUG_INFORMATION_FORMAT = dwarf;
				ENABLE_STRICT_OBJC_MSGSEND = YES;
				ENABLE_TESTABILITY = YES;
				GCC_C_LANGUAGE_STANDARD = gnu11;
				GCC_DYNAMIC_NO_PIC = NO;
				GCC_NO_COMMON_BLOCKS = YES;
				GCC_OPTIMIZATION_LEVEL = 0;
				GCC_PREPROCESSOR_DEFINITIONS = (
					"DEBUG=1",
					"$(inherited)",
				);
				GCC_WARN_64_TO_32_BIT_CONVERSION = YES;
				GCC_WARN_ABOUT_RETURN_TYPE = YES_ERROR;
				GCC_WARN_UNDECLARED_SELECTOR = YES;
				GCC_WARN_UNINITIALIZED_AUTOS = YES_AGGRESSIVE;
				GCC_WARN_UNUSED_FUNCTION = YES;
				GCC_WARN_UNUSED_VARIABLE = YES;
				IPHONEOS_DEPLOYMENT_TARGET = 14.5;
				MTL_ENABLE_DEBUG_INFO = INCLUDE_SOURCE;
				MTL_FAST_MATH = YES;
				ONLY_ACTIVE_ARCH = YES;
				SDKROOT = iphoneos;
				SWIFT_ACTIVE_COMPILATION_CONDITIONS = DEBUG;
				SWIFT_OPTIMIZATION_LEVEL = "-Onone";
			};
			name = Debug;
		};
		E27022332871B9C900CA42D1 /* Release */ = {
			isa = XCBuildConfiguration;
			buildSettings = {
				ALWAYS_SEARCH_USER_PATHS = NO;
				CLANG_ANALYZER_NONNULL = YES;
				CLANG_ANALYZER_NUMBER_OBJECT_CONVERSION = YES_AGGRESSIVE;
				CLANG_CXX_LANGUAGE_STANDARD = "gnu++17";
				CLANG_ENABLE_MODULES = YES;
				CLANG_ENABLE_OBJC_ARC = YES;
				CLANG_ENABLE_OBJC_WEAK = YES;
				CLANG_WARN_BLOCK_CAPTURE_AUTORELEASING = YES;
				CLANG_WARN_BOOL_CONVERSION = YES;
				CLANG_WARN_COMMA = YES;
				CLANG_WARN_CONSTANT_CONVERSION = YES;
				CLANG_WARN_DEPRECATED_OBJC_IMPLEMENTATIONS = YES;
				CLANG_WARN_DIRECT_OBJC_ISA_USAGE = YES_ERROR;
				CLANG_WARN_DOCUMENTATION_COMMENTS = YES;
				CLANG_WARN_EMPTY_BODY = YES;
				CLANG_WARN_ENUM_CONVERSION = YES;
				CLANG_WARN_INFINITE_RECURSION = YES;
				CLANG_WARN_INT_CONVERSION = YES;
				CLANG_WARN_NON_LITERAL_NULL_CONVERSION = YES;
				CLANG_WARN_OBJC_IMPLICIT_RETAIN_SELF = YES;
				CLANG_WARN_OBJC_LITERAL_CONVERSION = YES;
				CLANG_WARN_OBJC_ROOT_CLASS = YES_ERROR;
				CLANG_WARN_QUOTED_INCLUDE_IN_FRAMEWORK_HEADER = YES;
				CLANG_WARN_RANGE_LOOP_ANALYSIS = YES;
				CLANG_WARN_STRICT_PROTOTYPES = YES;
				CLANG_WARN_SUSPICIOUS_MOVE = YES;
				CLANG_WARN_UNGUARDED_AVAILABILITY = YES_AGGRESSIVE;
				CLANG_WARN_UNREACHABLE_CODE = YES;
				CLANG_WARN__DUPLICATE_METHOD_MATCH = YES;
				COPY_PHASE_STRIP = NO;
				DEBUG_INFORMATION_FORMAT = "dwarf-with-dsym";
				ENABLE_NS_ASSERTIONS = NO;
				ENABLE_STRICT_OBJC_MSGSEND = YES;
				GCC_C_LANGUAGE_STANDARD = gnu11;
				GCC_NO_COMMON_BLOCKS = YES;
				GCC_WARN_64_TO_32_BIT_CONVERSION = YES;
				GCC_WARN_ABOUT_RETURN_TYPE = YES_ERROR;
				GCC_WARN_UNDECLARED_SELECTOR = YES;
				GCC_WARN_UNINITIALIZED_AUTOS = YES_AGGRESSIVE;
				GCC_WARN_UNUSED_FUNCTION = YES;
				GCC_WARN_UNUSED_VARIABLE = YES;
				IPHONEOS_DEPLOYMENT_TARGET = 14.5;
				MTL_ENABLE_DEBUG_INFO = NO;
				MTL_FAST_MATH = YES;
				SDKROOT = iphoneos;
				SWIFT_COMPILATION_MODE = wholemodule;
				SWIFT_OPTIMIZATION_LEVEL = "-O";
				VALIDATE_PRODUCT = YES;
			};
			name = Release;
		};
		E27022352871B9C900CA42D1 /* Debug */ = {
			isa = XCBuildConfiguration;
			buildSettings = {
				ASSETCATALOG_COMPILER_APPICON_NAME = AppIcon;
				ASSETCATALOG_COMPILER_GLOBAL_ACCENT_COLOR_NAME = AccentColor;
				CODE_SIGN_STYLE = Automatic;
				CURRENT_PROJECT_VERSION = 1;
				DEVELOPMENT_TEAM = SXSNK823Y9;
				GENERATE_INFOPLIST_FILE = YES;
				INFOPLIST_FILE = CreditCardList/Info.plist;
				INFOPLIST_KEY_UIApplicationSupportsIndirectInputEvents = YES;
				INFOPLIST_KEY_UILaunchStoryboardName = LaunchScreen;
				INFOPLIST_KEY_UIMainStoryboardFile = Main;
				INFOPLIST_KEY_UISupportedInterfaceOrientations_iPad = "UIInterfaceOrientationPortrait UIInterfaceOrientationPortraitUpsideDown UIInterfaceOrientationLandscapeLeft UIInterfaceOrientationLandscapeRight";
				INFOPLIST_KEY_UISupportedInterfaceOrientations_iPhone = "UIInterfaceOrientationPortrait UIInterfaceOrientationLandscapeLeft UIInterfaceOrientationLandscapeRight";
				LD_RUNPATH_SEARCH_PATHS = (
					"$(inherited)",
					"@executable_path/Frameworks",
				);
				MARKETING_VERSION = 1.0;
				PRODUCT_BUNDLE_IDENTIFIER = com.woo0.Hatchling.CreditCardList;
				PRODUCT_NAME = "$(TARGET_NAME)";
				SWIFT_EMIT_LOC_STRINGS = YES;
				SWIFT_VERSION = 5.0;
				TARGETED_DEVICE_FAMILY = "1,2";
			};
			name = Debug;
		};
		E27022362871B9C900CA42D1 /* Release */ = {
			isa = XCBuildConfiguration;
			buildSettings = {
				ASSETCATALOG_COMPILER_APPICON_NAME = AppIcon;
				ASSETCATALOG_COMPILER_GLOBAL_ACCENT_COLOR_NAME = AccentColor;
				CODE_SIGN_STYLE = Automatic;
				CURRENT_PROJECT_VERSION = 1;
				DEVELOPMENT_TEAM = SXSNK823Y9;
				GENERATE_INFOPLIST_FILE = YES;
				INFOPLIST_FILE = CreditCardList/Info.plist;
				INFOPLIST_KEY_UIApplicationSupportsIndirectInputEvents = YES;
				INFOPLIST_KEY_UILaunchStoryboardName = LaunchScreen;
				INFOPLIST_KEY_UIMainStoryboardFile = Main;
				INFOPLIST_KEY_UISupportedInterfaceOrientations_iPad = "UIInterfaceOrientationPortrait UIInterfaceOrientationPortraitUpsideDown UIInterfaceOrientationLandscapeLeft UIInterfaceOrientationLandscapeRight";
				INFOPLIST_KEY_UISupportedInterfaceOrientations_iPhone = "UIInterfaceOrientationPortrait UIInterfaceOrientationLandscapeLeft UIInterfaceOrientationLandscapeRight";
				LD_RUNPATH_SEARCH_PATHS = (
					"$(inherited)",
					"@executable_path/Frameworks",
				);
				MARKETING_VERSION = 1.0;
				PRODUCT_BUNDLE_IDENTIFIER = com.woo0.Hatchling.CreditCardList;
				PRODUCT_NAME = "$(TARGET_NAME)";
				SWIFT_EMIT_LOC_STRINGS = YES;
				SWIFT_VERSION = 5.0;
				TARGETED_DEVICE_FAMILY = "1,2";
			};
			name = Release;
		};
/* End XCBuildConfiguration section */

/* Begin XCConfigurationList section */
		E270221B2871B9C800CA42D1 /* Build configuration list for PBXProject "CreditCardList" */ = {
			isa = XCConfigurationList;
			buildConfigurations = (
				E27022322871B9C900CA42D1 /* Debug */,
				E27022332871B9C900CA42D1 /* Release */,
			);
			defaultConfigurationIsVisible = 0;
			defaultConfigurationName = Release;
		};
		E27022342871B9C900CA42D1 /* Build configuration list for PBXNativeTarget "CreditCardList" */ = {
			isa = XCConfigurationList;
			buildConfigurations = (
				E27022352871B9C900CA42D1 /* Debug */,
				E27022362871B9C900CA42D1 /* Release */,
			);
			defaultConfigurationIsVisible = 0;
			defaultConfigurationName = Release;
		};
/* End XCConfigurationList section */

/* Begin XCRemoteSwiftPackageReference section */
		E262BE7D2871CCFA00F437C8 /* XCRemoteSwiftPackageReference "firebase-ios-sdk" */ = {
			isa = XCRemoteSwiftPackageReference;
			repositoryURL = "https://github.com/firebase/firebase-ios-sdk";
			requirement = {
				kind = upToNextMajorVersion;
				minimumVersion = 9.0.0;
			};
		};
		E262BE842871D97800F437C8 /* XCRemoteSwiftPackageReference "firebase-ios-sdk" */ = {
			isa = XCRemoteSwiftPackageReference;
			repositoryURL = "https://github.com/firebase/firebase-ios-sdk";
			requirement = {
				kind = upToNextMajorVersion;
				minimumVersion = 9.0.0;
			};
		};
		E27022412871C1B400CA42D1 /* XCRemoteSwiftPackageReference "Kingfisher" */ = {
			isa = XCRemoteSwiftPackageReference;
			repositoryURL = "https://github.com/onevcat/Kingfisher";
			requirement = {
				kind = upToNextMajorVersion;
				minimumVersion = 7.0.0;
			};
		};
		E27022462871C55D00CA42D1 /* XCRemoteSwiftPackageReference "lottie-ios" */ = {
			isa = XCRemoteSwiftPackageReference;
			repositoryURL = "https://github.com/airbnb/lottie-ios";
			requirement = {
				kind = upToNextMajorVersion;
				minimumVersion = 3.0.0;
			};
		};
/* End XCRemoteSwiftPackageReference section */

/* Begin XCSwiftPackageProductDependency section */
		E262BE7E2871CCFA00F437C8 /* FirebaseDatabase */ = {
			isa = XCSwiftPackageProductDependency;
			package = E262BE7D2871CCFA00F437C8 /* XCRemoteSwiftPackageReference "firebase-ios-sdk" */;
			productName = FirebaseDatabase;
		};
		E262BE802871CCFA00F437C8 /* FirebaseDatabaseSwift */ = {
			isa = XCSwiftPackageProductDependency;
			package = E262BE7D2871CCFA00F437C8 /* XCRemoteSwiftPackageReference "firebase-ios-sdk" */;
			productName = FirebaseDatabaseSwift;
		};
		E262BE852871D97800F437C8 /* FirebaseDatabase */ = {
			isa = XCSwiftPackageProductDependency;
			package = E262BE7D2871CCFA00F437C8 /* XCRemoteSwiftPackageReference "firebase-ios-sdk" */;
			productName = FirebaseDatabase;
		};
		E262BE872871D97800F437C8 /* FirebaseDatabaseSwift */ = {
			isa = XCSwiftPackageProductDependency;
			package = E262BE7D2871CCFA00F437C8 /* XCRemoteSwiftPackageReference "firebase-ios-sdk" */;
			productName = FirebaseDatabaseSwift;
		};
		E262BE892871D97800F437C8 /* FirebaseFirestore */ = {
			isa = XCSwiftPackageProductDependency;
			package = E262BE7D2871CCFA00F437C8 /* XCRemoteSwiftPackageReference "firebase-ios-sdk" */;
			productName = FirebaseFirestore;
		};
		E262BE8B2871D97800F437C8 /* FirebaseFirestoreCombine-Community */ = {
			isa = XCSwiftPackageProductDependency;
			package = E262BE7D2871CCFA00F437C8 /* XCRemoteSwiftPackageReference "firebase-ios-sdk" */;
			productName = "FirebaseFirestoreCombine-Community";
		};
		E262BE8D2871D97800F437C8 /* FirebaseFirestoreSwift */ = {
			isa = XCSwiftPackageProductDependency;
			package = E262BE7D2871CCFA00F437C8 /* XCRemoteSwiftPackageReference "firebase-ios-sdk" */;
			productName = FirebaseFirestoreSwift;
		};
		E27022422871C1B400CA42D1 /* Kingfisher */ = {
			isa = XCSwiftPackageProductDependency;
			package = E27022412871C1B400CA42D1 /* XCRemoteSwiftPackageReference "Kingfisher" */;
			productName = Kingfisher;
		};
		E27022472871C55D00CA42D1 /* Lottie */ = {
			isa = XCSwiftPackageProductDependency;
			package = E27022462871C55D00CA42D1 /* XCRemoteSwiftPackageReference "lottie-ios" */;
			productName = Lottie;
		};
/* End XCSwiftPackageProductDependency section */
	};
	rootObject = E27022182871B9C800CA42D1 /* Project object */;
}
