// !$*UTF8*$!
{
	archiveVersion = 1;
	classes = {
	};
	objectVersion = 55;
	objects = {

/* Begin PBXBuildFile section */
		E21732E427F49CA800F87710 /* MyAssetsApp.swift in Sources */ = {isa = PBXBuildFile; fileRef = E21732E327F49CA800F87710 /* MyAssetsApp.swift */; };
		E21732E627F49CA800F87710 /* ContentView.swift in Sources */ = {isa = PBXBuildFile; fileRef = E21732E527F49CA800F87710 /* ContentView.swift */; };
		E21732E827F49CA900F87710 /* Assets.xcassets in Resources */ = {isa = PBXBuildFile; fileRef = E21732E727F49CA900F87710 /* Assets.xcassets */; };
		E21732EB27F49CA900F87710 /* Preview Assets.xcassets in Resources */ = {isa = PBXBuildFile; fileRef = E21732EA27F49CA900F87710 /* Preview Assets.xcassets */; };
		E21732F427F4A0A300F87710 /* NavigationBarWithButton.swift in Sources */ = {isa = PBXBuildFile; fileRef = E21732F327F4A0A300F87710 /* NavigationBarWithButton.swift */; };
		E21732F627F4A63600F87710 /* AssetMenu.swift in Sources */ = {isa = PBXBuildFile; fileRef = E21732F527F4A63600F87710 /* AssetMenu.swift */; };
		E21732F827F4AA9800F87710 /* AssetMenuButtonStyle.swift in Sources */ = {isa = PBXBuildFile; fileRef = E21732F727F4AA9800F87710 /* AssetMenuButtonStyle.swift */; };
		E21732FA27F4AE5700F87710 /* AssetMenuGridView.swift in Sources */ = {isa = PBXBuildFile; fileRef = E21732F927F4AE5700F87710 /* AssetMenuGridView.swift */; };
		E21732FC27F4AF4D00F87710 /* AssetView.swift in Sources */ = {isa = PBXBuildFile; fileRef = E21732FB27F4AF4D00F87710 /* AssetView.swift */; };
		E2687A0D2835486600620259 /* AssetBanner.swift in Sources */ = {isa = PBXBuildFile; fileRef = E2687A0C2835486600620259 /* AssetBanner.swift */; };
		E2687A0F283548AB00620259 /* BannerCard.swift in Sources */ = {isa = PBXBuildFile; fileRef = E2687A0E283548AB00620259 /* BannerCard.swift */; };
		E2687A112835498600620259 /* PageViewController.swift in Sources */ = {isa = PBXBuildFile; fileRef = E2687A102835498600620259 /* PageViewController.swift */; };
		E2687A1328354D8200620259 /* PageControl.swift in Sources */ = {isa = PBXBuildFile; fileRef = E2687A1228354D8200620259 /* PageControl.swift */; };
		E2687A1528354F6E00620259 /* AssetBannerView.swift in Sources */ = {isa = PBXBuildFile; fileRef = E2687A1428354F6E00620259 /* AssetBannerView.swift */; };
		E29AFDEC28355CAE0065D88C /* assets.json in Resources */ = {isa = PBXBuildFile; fileRef = E29AFDEB28355CAE0065D88C /* assets.json */; };
		E29AFDEE28355CEF0065D88C /* Asset.swift in Sources */ = {isa = PBXBuildFile; fileRef = E29AFDED28355CEF0065D88C /* Asset.swift */; };
		E29AFDF028355DA10065D88C /* AssetSummaryData.swift in Sources */ = {isa = PBXBuildFile; fileRef = E29AFDEF28355DA10065D88C /* AssetSummaryData.swift */; };
		E29AFDF228355ED20065D88C /* AssetSectionHeaderView.swift in Sources */ = {isa = PBXBuildFile; fileRef = E29AFDF128355ED20065D88C /* AssetSectionHeaderView.swift */; };
		E29AFDF428355F750065D88C /* AssetSectionView.swift in Sources */ = {isa = PBXBuildFile; fileRef = E29AFDF328355F750065D88C /* AssetSectionView.swift */; };
		E29AFDF62835613B0065D88C /* AssetSummaryView.swift in Sources */ = {isa = PBXBuildFile; fileRef = E29AFDF52835613B0065D88C /* AssetSummaryView.swift */; };
		E29AFDF8283565690065D88C /* TabMenuView.swift in Sources */ = {isa = PBXBuildFile; fileRef = E29AFDF7283565690065D88C /* TabMenuView.swift */; };
		E29AFDFA283568670065D88C /* AssetCardActionView.swift in Sources */ = {isa = PBXBuildFile; fileRef = E29AFDF9283568670065D88C /* AssetCardActionView.swift */; };
/* End PBXBuildFile section */

/* Begin PBXFileReference section */
		E21732E027F49CA800F87710 /* MyAssets.app */ = {isa = PBXFileReference; explicitFileType = wrapper.application; includeInIndex = 0; path = MyAssets.app; sourceTree = BUILT_PRODUCTS_DIR; };
		E21732E327F49CA800F87710 /* MyAssetsApp.swift */ = {isa = PBXFileReference; lastKnownFileType = sourcecode.swift; path = MyAssetsApp.swift; sourceTree = "<group>"; };
		E21732E527F49CA800F87710 /* ContentView.swift */ = {isa = PBXFileReference; lastKnownFileType = sourcecode.swift; path = ContentView.swift; sourceTree = "<group>"; };
		E21732E727F49CA900F87710 /* Assets.xcassets */ = {isa = PBXFileReference; lastKnownFileType = folder.assetcatalog; path = Assets.xcassets; sourceTree = "<group>"; };
		E21732EA27F49CA900F87710 /* Preview Assets.xcassets */ = {isa = PBXFileReference; lastKnownFileType = folder.assetcatalog; path = "Preview Assets.xcassets"; sourceTree = "<group>"; };
		E21732F327F4A0A300F87710 /* NavigationBarWithButton.swift */ = {isa = PBXFileReference; lastKnownFileType = sourcecode.swift; path = NavigationBarWithButton.swift; sourceTree = "<group>"; };
		E21732F527F4A63600F87710 /* AssetMenu.swift */ = {isa = PBXFileReference; lastKnownFileType = sourcecode.swift; path = AssetMenu.swift; sourceTree = "<group>"; };
		E21732F727F4AA9800F87710 /* AssetMenuButtonStyle.swift */ = {isa = PBXFileReference; lastKnownFileType = sourcecode.swift; path = AssetMenuButtonStyle.swift; sourceTree = "<group>"; };
		E21732F927F4AE5700F87710 /* AssetMenuGridView.swift */ = {isa = PBXFileReference; lastKnownFileType = sourcecode.swift; path = AssetMenuGridView.swift; sourceTree = "<group>"; };
		E21732FB27F4AF4D00F87710 /* AssetView.swift */ = {isa = PBXFileReference; lastKnownFileType = sourcecode.swift; path = AssetView.swift; sourceTree = "<group>"; };
		E2687A0C2835486600620259 /* AssetBanner.swift */ = {isa = PBXFileReference; lastKnownFileType = sourcecode.swift; path = AssetBanner.swift; sourceTree = "<group>"; };
		E2687A0E283548AB00620259 /* BannerCard.swift */ = {isa = PBXFileReference; lastKnownFileType = sourcecode.swift; path = BannerCard.swift; sourceTree = "<group>"; };
		E2687A102835498600620259 /* PageViewController.swift */ = {isa = PBXFileReference; lastKnownFileType = sourcecode.swift; path = PageViewController.swift; sourceTree = "<group>"; };
		E2687A1228354D8200620259 /* PageControl.swift */ = {isa = PBXFileReference; lastKnownFileType = sourcecode.swift; path = PageControl.swift; sourceTree = "<group>"; };
		E2687A1428354F6E00620259 /* AssetBannerView.swift */ = {isa = PBXFileReference; lastKnownFileType = sourcecode.swift; path = AssetBannerView.swift; sourceTree = "<group>"; };
		E29AFDEB28355CAE0065D88C /* assets.json */ = {isa = PBXFileReference; fileEncoding = 4; lastKnownFileType = text.json; path = assets.json; sourceTree = "<group>"; };
		E29AFDED28355CEF0065D88C /* Asset.swift */ = {isa = PBXFileReference; lastKnownFileType = sourcecode.swift; path = Asset.swift; sourceTree = "<group>"; };
		E29AFDEF28355DA10065D88C /* AssetSummaryData.swift */ = {isa = PBXFileReference; lastKnownFileType = sourcecode.swift; path = AssetSummaryData.swift; sourceTree = "<group>"; };
		E29AFDF128355ED20065D88C /* AssetSectionHeaderView.swift */ = {isa = PBXFileReference; lastKnownFileType = sourcecode.swift; path = AssetSectionHeaderView.swift; sourceTree = "<group>"; };
		E29AFDF328355F750065D88C /* AssetSectionView.swift */ = {isa = PBXFileReference; lastKnownFileType = sourcecode.swift; path = AssetSectionView.swift; sourceTree = "<group>"; };
		E29AFDF52835613B0065D88C /* AssetSummaryView.swift */ = {isa = PBXFileReference; lastKnownFileType = sourcecode.swift; path = AssetSummaryView.swift; sourceTree = "<group>"; };
		E29AFDF7283565690065D88C /* TabMenuView.swift */ = {isa = PBXFileReference; lastKnownFileType = sourcecode.swift; path = TabMenuView.swift; sourceTree = "<group>"; };
		E29AFDF9283568670065D88C /* AssetCardActionView.swift */ = {isa = PBXFileReference; lastKnownFileType = sourcecode.swift; path = AssetCardActionView.swift; sourceTree = "<group>"; };
/* End PBXFileReference section */

/* Begin PBXFrameworksBuildPhase section */
		E21732DD27F49CA800F87710 /* Frameworks */ = {
			isa = PBXFrameworksBuildPhase;
			buildActionMask = 2147483647;
			files = (
			);
			runOnlyForDeploymentPostprocessing = 0;
		};
/* End PBXFrameworksBuildPhase section */

/* Begin PBXGroup section */
		E21732D727F49CA800F87710 = {
			isa = PBXGroup;
			children = (
				E21732E227F49CA800F87710 /* MyAssets */,
				E21732E127F49CA800F87710 /* Products */,
			);
			sourceTree = "<group>";
		};
		E21732E127F49CA800F87710 /* Products */ = {
			isa = PBXGroup;
			children = (
				E21732E027F49CA800F87710 /* MyAssets.app */,
			);
			name = Products;
			sourceTree = "<group>";
		};
		E21732E227F49CA800F87710 /* MyAssets */ = {
			isa = PBXGroup;
			children = (
				E21732E327F49CA800F87710 /* MyAssetsApp.swift */,
				E21732E527F49CA800F87710 /* ContentView.swift */,
				E21732F327F4A0A300F87710 /* NavigationBarWithButton.swift */,
				E21732E727F49CA900F87710 /* Assets.xcassets */,
				E21732E927F49CA900F87710 /* Preview Content */,
				E21732F527F4A63600F87710 /* AssetMenu.swift */,
				E21732F727F4AA9800F87710 /* AssetMenuButtonStyle.swift */,
				E21732F927F4AE5700F87710 /* AssetMenuGridView.swift */,
				E21732FB27F4AF4D00F87710 /* AssetView.swift */,
				E2687A0C2835486600620259 /* AssetBanner.swift */,
				E2687A0E283548AB00620259 /* BannerCard.swift */,
				E2687A102835498600620259 /* PageViewController.swift */,
				E2687A1228354D8200620259 /* PageControl.swift */,
				E2687A1428354F6E00620259 /* AssetBannerView.swift */,
				E29AFDEB28355CAE0065D88C /* assets.json */,
				E29AFDED28355CEF0065D88C /* Asset.swift */,
				E29AFDEF28355DA10065D88C /* AssetSummaryData.swift */,
				E29AFDF128355ED20065D88C /* AssetSectionHeaderView.swift */,
				E29AFDF328355F750065D88C /* AssetSectionView.swift */,
				E29AFDF52835613B0065D88C /* AssetSummaryView.swift */,
				E29AFDF7283565690065D88C /* TabMenuView.swift */,
				E29AFDF9283568670065D88C /* AssetCardActionView.swift */,
			);
			path = MyAssets;
			sourceTree = "<group>";
		};
		E21732E927F49CA900F87710 /* Preview Content */ = {
			isa = PBXGroup;
			children = (
				E21732EA27F49CA900F87710 /* Preview Assets.xcassets */,
			);
			path = "Preview Content";
			sourceTree = "<group>";
		};
/* End PBXGroup section */

/* Begin PBXNativeTarget section */
		E21732DF27F49CA800F87710 /* MyAssets */ = {
			isa = PBXNativeTarget;
			buildConfigurationList = E21732EE27F49CA900F87710 /* Build configuration list for PBXNativeTarget "MyAssets" */;
			buildPhases = (
				E21732DC27F49CA800F87710 /* Sources */,
				E21732DD27F49CA800F87710 /* Frameworks */,
				E21732DE27F49CA800F87710 /* Resources */,
			);
			buildRules = (
			);
			dependencies = (
			);
			name = MyAssets;
			productName = MyAssets;
			productReference = E21732E027F49CA800F87710 /* MyAssets.app */;
			productType = "com.apple.product-type.application";
		};
/* End PBXNativeTarget section */

/* Begin PBXProject section */
		E21732D827F49CA800F87710 /* Project object */ = {
			isa = PBXProject;
			attributes = {
				BuildIndependentTargetsInParallel = 1;
				LastSwiftUpdateCheck = 1330;
				LastUpgradeCheck = 1330;
				TargetAttributes = {
					E21732DF27F49CA800F87710 = {
						CreatedOnToolsVersion = 13.3;
					};
				};
			};
			buildConfigurationList = E21732DB27F49CA800F87710 /* Build configuration list for PBXProject "MyAssets" */;
			compatibilityVersion = "Xcode 13.0";
			developmentRegion = en;
			hasScannedForEncodings = 0;
			knownRegions = (
				en,
				Base,
			);
			mainGroup = E21732D727F49CA800F87710;
			productRefGroup = E21732E127F49CA800F87710 /* Products */;
			projectDirPath = "";
			projectRoot = "";
			targets = (
				E21732DF27F49CA800F87710 /* MyAssets */,
			);
		};
/* End PBXProject section */

/* Begin PBXResourcesBuildPhase section */
		E21732DE27F49CA800F87710 /* Resources */ = {
			isa = PBXResourcesBuildPhase;
			buildActionMask = 2147483647;
			files = (
				E29AFDEC28355CAE0065D88C /* assets.json in Resources */,
				E21732EB27F49CA900F87710 /* Preview Assets.xcassets in Resources */,
				E21732E827F49CA900F87710 /* Assets.xcassets in Resources */,
			);
			runOnlyForDeploymentPostprocessing = 0;
		};
/* End PBXResourcesBuildPhase section */

/* Begin PBXSourcesBuildPhase section */
		E21732DC27F49CA800F87710 /* Sources */ = {
			isa = PBXSourcesBuildPhase;
			buildActionMask = 2147483647;
			files = (
				E21732FA27F4AE5700F87710 /* AssetMenuGridView.swift in Sources */,
				E29AFDF428355F750065D88C /* AssetSectionView.swift in Sources */,
				E29AFDEE28355CEF0065D88C /* Asset.swift in Sources */,
				E2687A112835498600620259 /* PageViewController.swift in Sources */,
				E29AFDF028355DA10065D88C /* AssetSummaryData.swift in Sources */,
				E29AFDF228355ED20065D88C /* AssetSectionHeaderView.swift in Sources */,
				E29AFDF62835613B0065D88C /* AssetSummaryView.swift in Sources */,
				E21732F427F4A0A300F87710 /* NavigationBarWithButton.swift in Sources */,
				E2687A0D2835486600620259 /* AssetBanner.swift in Sources */,
				E21732FC27F4AF4D00F87710 /* AssetView.swift in Sources */,
				E21732F827F4AA9800F87710 /* AssetMenuButtonStyle.swift in Sources */,
				E29AFDF8283565690065D88C /* TabMenuView.swift in Sources */,
				E21732E627F49CA800F87710 /* ContentView.swift in Sources */,
				E21732E427F49CA800F87710 /* MyAssetsApp.swift in Sources */,
				E2687A1328354D8200620259 /* PageControl.swift in Sources */,
				E2687A1528354F6E00620259 /* AssetBannerView.swift in Sources */,
				E2687A0F283548AB00620259 /* BannerCard.swift in Sources */,
				E21732F627F4A63600F87710 /* AssetMenu.swift in Sources */,
				E29AFDFA283568670065D88C /* AssetCardActionView.swift in Sources */,
			);
			runOnlyForDeploymentPostprocessing = 0;
		};
/* End PBXSourcesBuildPhase section */

/* Begin XCBuildConfiguration section */
		E21732EC27F49CA900F87710 /* Debug */ = {
			isa = XCBuildConfiguration;
			buildSettings = {
				ALWAYS_SEARCH_USER_PATHS = NO;
				CLANG_ANALYZER_NONNULL = YES;
				CLANG_ANALYZER_NUMBER_OBJECT_CONVERSION = YES_AGGRESSIVE;
				CLANG_CXX_LANGUAGE_STANDARD = "gnu++17";
				CLANG_ENABLE_MODULES = YES;
				CLANG_ENABLE_OBJC_ARC = YES;
				CLANG_ENABLE_OBJC_WEAK = YES;
				CLANG_WARN_BLOCK_CAPTURE_AUTORELEASING = YES;
				CLANG_WARN_BOOL_CONVERSION = YES;
				CLANG_WARN_COMMA = YES;
				CLANG_WARN_CONSTANT_CONVERSION = YES;
				CLANG_WARN_DEPRECATED_OBJC_IMPLEMENTATIONS = YES;
				CLANG_WARN_DIRECT_OBJC_ISA_USAGE = YES_ERROR;
				CLANG_WARN_DOCUMENTATION_COMMENTS = YES;
				CLANG_WARN_EMPTY_BODY = YES;
				CLANG_WARN_ENUM_CONVERSION = YES;
				CLANG_WARN_INFINITE_RECURSION = YES;
				CLANG_WARN_INT_CONVERSION = YES;
				CLANG_WARN_NON_LITERAL_NULL_CONVERSION = YES;
				CLANG_WARN_OBJC_IMPLICIT_RETAIN_SELF = YES;
				CLANG_WARN_OBJC_LITERAL_CONVERSION = YES;
				CLANG_WARN_OBJC_ROOT_CLASS = YES_ERROR;
				CLANG_WARN_QUOTED_INCLUDE_IN_FRAMEWORK_HEADER = YES;
				CLANG_WARN_RANGE_LOOP_ANALYSIS = YES;
				CLANG_WARN_STRICT_PROTOTYPES = YES;
				CLANG_WARN_SUSPICIOUS_MOVE = YES;
				CLANG_WARN_UNGUARDED_AVAILABILITY = YES_AGGRESSIVE;
				CLANG_WARN_UNREACHABLE_CODE = YES;
				CLANG_WARN__DUPLICATE_METHOD_MATCH = YES;
				COPY_PHASE_STRIP = NO;
				DEBUG_INFORMATION_FORMAT = dwarf;
				ENABLE_STRICT_OBJC_MSGSEND = YES;
				ENABLE_TESTABILITY = YES;
				GCC_C_LANGUAGE_STANDARD = gnu11;
				GCC_DYNAMIC_NO_PIC = NO;
				GCC_NO_COMMON_BLOCKS = YES;
				GCC_OPTIMIZATION_LEVEL = 0;
				GCC_PREPROCESSOR_DEFINITIONS = (
					"DEBUG=1",
					"$(inherited)",
				);
				GCC_WARN_64_TO_32_BIT_CONVERSION = YES;
				GCC_WARN_ABOUT_RETURN_TYPE = YES_ERROR;
				GCC_WARN_UNDECLARED_SELECTOR = YES;
				GCC_WARN_UNINITIALIZED_AUTOS = YES_AGGRESSIVE;
				GCC_WARN_UNUSED_FUNCTION = YES;
				GCC_WARN_UNUSED_VARIABLE = YES;
				IPHONEOS_DEPLOYMENT_TARGET = 15.4;
				MTL_ENABLE_DEBUG_INFO = INCLUDE_SOURCE;
				MTL_FAST_MATH = YES;
				ONLY_ACTIVE_ARCH = YES;
				SDKROOT = iphoneos;
				SWIFT_ACTIVE_COMPILATION_CONDITIONS = DEBUG;
				SWIFT_OPTIMIZATION_LEVEL = "-Onone";
			};
			name = Debug;
		};
		E21732ED27F49CA900F87710 /* Release */ = {
			isa = XCBuildConfiguration;
			buildSettings = {
				ALWAYS_SEARCH_USER_PATHS = NO;
				CLANG_ANALYZER_NONNULL = YES;
				CLANG_ANALYZER_NUMBER_OBJECT_CONVERSION = YES_AGGRESSIVE;
				CLANG_CXX_LANGUAGE_STANDARD = "gnu++17";
				CLANG_ENABLE_MODULES = YES;
				CLANG_ENABLE_OBJC_ARC = YES;
				CLANG_ENABLE_OBJC_WEAK = YES;
				CLANG_WARN_BLOCK_CAPTURE_AUTORELEASING = YES;
				CLANG_WARN_BOOL_CONVERSION = YES;
				CLANG_WARN_COMMA = YES;
				CLANG_WARN_CONSTANT_CONVERSION = YES;
				CLANG_WARN_DEPRECATED_OBJC_IMPLEMENTATIONS = YES;
				CLANG_WARN_DIRECT_OBJC_ISA_USAGE = YES_ERROR;
				CLANG_WARN_DOCUMENTATION_COMMENTS = YES;
				CLANG_WARN_EMPTY_BODY = YES;
				CLANG_WARN_ENUM_CONVERSION = YES;
				CLANG_WARN_INFINITE_RECURSION = YES;
				CLANG_WARN_INT_CONVERSION = YES;
				CLANG_WARN_NON_LITERAL_NULL_CONVERSION = YES;
				CLANG_WARN_OBJC_IMPLICIT_RETAIN_SELF = YES;
				CLANG_WARN_OBJC_LITERAL_CONVERSION = YES;
				CLANG_WARN_OBJC_ROOT_CLASS = YES_ERROR;
				CLANG_WARN_QUOTED_INCLUDE_IN_FRAMEWORK_HEADER = YES;
				CLANG_WARN_RANGE_LOOP_ANALYSIS = YES;
				CLANG_WARN_STRICT_PROTOTYPES = YES;
				CLANG_WARN_SUSPICIOUS_MOVE = YES;
				CLANG_WARN_UNGUARDED_AVAILABILITY = YES_AGGRESSIVE;
				CLANG_WARN_UNREACHABLE_CODE = YES;
				CLANG_WARN__DUPLICATE_METHOD_MATCH = YES;
				COPY_PHASE_STRIP = NO;
				DEBUG_INFORMATION_FORMAT = "dwarf-with-dsym";
				ENABLE_NS_ASSERTIONS = NO;
				ENABLE_STRICT_OBJC_MSGSEND = YES;
				GCC_C_LANGUAGE_STANDARD = gnu11;
				GCC_NO_COMMON_BLOCKS = YES;
				GCC_WARN_64_TO_32_BIT_CONVERSION = YES;
				GCC_WARN_ABOUT_RETURN_TYPE = YES_ERROR;
				GCC_WARN_UNDECLARED_SELECTOR = YES;
				GCC_WARN_UNINITIALIZED_AUTOS = YES_AGGRESSIVE;
				GCC_WARN_UNUSED_FUNCTION = YES;
				GCC_WARN_UNUSED_VARIABLE = YES;
				IPHONEOS_DEPLOYMENT_TARGET = 15.4;
				MTL_ENABLE_DEBUG_INFO = NO;
				MTL_FAST_MATH = YES;
				SDKROOT = iphoneos;
				SWIFT_COMPILATION_MODE = wholemodule;
				SWIFT_OPTIMIZATION_LEVEL = "-O";
				VALIDATE_PRODUCT = YES;
			};
			name = Release;
		};
		E21732EF27F49CA900F87710 /* Debug */ = {
			isa = XCBuildConfiguration;
			buildSettings = {
				ASSETCATALOG_COMPILER_APPICON_NAME = AppIcon;
				ASSETCATALOG_COMPILER_GLOBAL_ACCENT_COLOR_NAME = AccentColor;
				CODE_SIGN_STYLE = Automatic;
				CURRENT_PROJECT_VERSION = 1;
				DEVELOPMENT_ASSET_PATHS = "\"MyAssets/Preview Content\"";
				DEVELOPMENT_TEAM = SXSNK823Y9;
				ENABLE_PREVIEWS = YES;
				GENERATE_INFOPLIST_FILE = YES;
				INFOPLIST_KEY_UIApplicationSceneManifest_Generation = YES;
				INFOPLIST_KEY_UIApplicationSupportsIndirectInputEvents = YES;
				INFOPLIST_KEY_UILaunchScreen_Generation = YES;
				INFOPLIST_KEY_UISupportedInterfaceOrientations_iPad = "UIInterfaceOrientationPortrait UIInterfaceOrientationPortraitUpsideDown UIInterfaceOrientationLandscapeLeft UIInterfaceOrientationLandscapeRight";
				INFOPLIST_KEY_UISupportedInterfaceOrientations_iPhone = "UIInterfaceOrientationPortrait UIInterfaceOrientationLandscapeLeft UIInterfaceOrientationLandscapeRight";
				INFOPLIST_KEY_UIUserInterfaceStyle = Light;
				LD_RUNPATH_SEARCH_PATHS = (
					"$(inherited)",
					"@executable_path/Frameworks",
				);
				MARKETING_VERSION = 1.0;
				PRODUCT_BUNDLE_IDENTIFIER = woo0.Hatchling.MyAssets;
				PRODUCT_NAME = "$(TARGET_NAME)";
				SWIFT_EMIT_LOC_STRINGS = YES;
				SWIFT_VERSION = 5.0;
				TARGETED_DEVICE_FAMILY = "1,2";
			};
			name = Debug;
		};
		E21732F027F49CA900F87710 /* Release */ = {
			isa = XCBuildConfiguration;
			buildSettings = {
				ASSETCATALOG_COMPILER_APPICON_NAME = AppIcon;
				ASSETCATALOG_COMPILER_GLOBAL_ACCENT_COLOR_NAME = AccentColor;
				CODE_SIGN_STYLE = Automatic;
				CURRENT_PROJECT_VERSION = 1;
				DEVELOPMENT_ASSET_PATHS = "\"MyAssets/Preview Content\"";
				DEVELOPMENT_TEAM = SXSNK823Y9;
				ENABLE_PREVIEWS = YES;
				GENERATE_INFOPLIST_FILE = YES;
				INFOPLIST_KEY_UIApplicationSceneManifest_Generation = YES;
				INFOPLIST_KEY_UIApplicationSupportsIndirectInputEvents = YES;
				INFOPLIST_KEY_UILaunchScreen_Generation = YES;
				INFOPLIST_KEY_UISupportedInterfaceOrientations_iPad = "UIInterfaceOrientationPortrait UIInterfaceOrientationPortraitUpsideDown UIInterfaceOrientationLandscapeLeft UIInterfaceOrientationLandscapeRight";
				INFOPLIST_KEY_UISupportedInterfaceOrientations_iPhone = "UIInterfaceOrientationPortrait UIInterfaceOrientationLandscapeLeft UIInterfaceOrientationLandscapeRight";
				INFOPLIST_KEY_UIUserInterfaceStyle = Light;
				LD_RUNPATH_SEARCH_PATHS = (
					"$(inherited)",
					"@executable_path/Frameworks",
				);
				MARKETING_VERSION = 1.0;
				PRODUCT_BUNDLE_IDENTIFIER = woo0.Hatchling.MyAssets;
				PRODUCT_NAME = "$(TARGET_NAME)";
				SWIFT_EMIT_LOC_STRINGS = YES;
				SWIFT_VERSION = 5.0;
				TARGETED_DEVICE_FAMILY = "1,2";
			};
			name = Release;
		};
/* End XCBuildConfiguration section */

/* Begin XCConfigurationList section */
		E21732DB27F49CA800F87710 /* Build configuration list for PBXProject "MyAssets" */ = {
			isa = XCConfigurationList;
			buildConfigurations = (
				E21732EC27F49CA900F87710 /* Debug */,
				E21732ED27F49CA900F87710 /* Release */,
			);
			defaultConfigurationIsVisible = 0;
			defaultConfigurationName = Release;
		};
		E21732EE27F49CA900F87710 /* Build configuration list for PBXNativeTarget "MyAssets" */ = {
			isa = XCConfigurationList;
			buildConfigurations = (
				E21732EF27F49CA900F87710 /* Debug */,
				E21732F027F49CA900F87710 /* Release */,
			);
			defaultConfigurationIsVisible = 0;
			defaultConfigurationName = Release;
		};
/* End XCConfigurationList section */
	};
	rootObject = E21732D827F49CA800F87710 /* Project object */;
}
